
Microsoft Visual Studio Solution File, Format Version 12.00
Project("{FAE04EC0-301F-11D3-BF4B-00C04F79EFBC}") = "EuclideanAlgorithm", "EuclideanAlgorithm\EuclideanAlgorithm.csproj", "{5D0A5C94-38CD-4E03-ACE8-B626D90EC33D}"
EndProject
Global
	GlobalSection(SolutionConfigurationPlatforms) = preSolution
		Debug|Any CPU = Debug|Any CPU
		Release|Any CPU = Release|Any CPU
	EndGlobalSection
	GlobalSection(ProjectConfigurationPlatforms) = postSolution
		{5D0A5C94-38CD-4E03-ACE8-B626D90EC33D}.Debug|Any CPU.ActiveCfg = Debug|Any CPU
		{5D0A5C94-38CD-4E03-ACE8-B626D90EC33D}.Debug|Any CPU.Build.0 = Debug|Any CPU
		{5D0A5C94-38CD-4E03-ACE8-B626D90EC33D}.Release|Any CPU.ActiveCfg = Release|Any CPU
		{5D0A5C94-38CD-4E03-ACE8-B626D90EC33D}.Release|Any CPU.Build.0 = Release|Any CPU
	EndGlobalSection
EndGlobal
